
Microsoft Visual Studio Solution File, Format Version 12.00
# Visual Studio Version 17
VisualStudioVersion = 17.11.35219.272
MinimumVisualStudioVersion = 10.0.40219.1
Project("{778DAE3C-4631-46EA-AA77-85C1314464D9}") = "ProjetoPraticoVB6", "ProjetoPraticoVB6\ProjetoPraticoVB6.vbproj", "{80C893F7-8C49-4E1A-9283-1213B86CD895}"
EndProject
Project("{F184B08F-C81C-45F6-A57F-5ABD9991F28F}") = "ModuloTestes", "ModuloTestes\ModuloTestes.vbproj", "{9D498C17-994D-4831-99D9-01A9467B661B}"
EndProject
Global
	GlobalSection(SolutionConfigurationPlatforms) = preSolution
		Debug|Any CPU = Debug|Any CPU
		Release|Any CPU = Release|Any CPU
	EndGlobalSection
	GlobalSection(ProjectConfigurationPlatforms) = postSolution
		{80C893F7-8C49-4E1A-9283-1213B86CD895}.Debug|Any CPU.ActiveCfg = Debug|Any CPU
		{80C893F7-8C49-4E1A-9283-1213B86CD895}.Debug|Any CPU.Build.0 = Debug|Any CPU
		{80C893F7-8C49-4E1A-9283-1213B86CD895}.Release|Any CPU.ActiveCfg = Release|Any CPU
		{80C893F7-8C49-4E1A-9283-1213B86CD895}.Release|Any CPU.Build.0 = Release|Any CPU
		{9D498C17-994D-4831-99D9-01A9467B661B}.Debug|Any CPU.ActiveCfg = Debug|Any CPU
		{9D498C17-994D-4831-99D9-01A9467B661B}.Debug|Any CPU.Build.0 = Debug|Any CPU
		{9D498C17-994D-4831-99D9-01A9467B661B}.Release|Any CPU.ActiveCfg = Release|Any CPU
		{9D498C17-994D-4831-99D9-01A9467B661B}.Release|Any CPU.Build.0 = Release|Any CPU
	EndGlobalSection
	GlobalSection(SolutionProperties) = preSolution
		HideSolutionNode = FALSE
	EndGlobalSection
	GlobalSection(ExtensibilityGlobals) = postSolution
		SolutionGuid = {7975A670-55BD-4740-9AE2-470818265503}
	EndGlobalSection
EndGlobal
